
Microsoft Visual Studio Solution File, Format Version 12.00
# Visual Studio Version 16
VisualStudioVersion = 16.0.32106.194
MinimumVisualStudioVersion = 10.0.40219.1
Project("{FAE04EC0-301F-11D3-BF4B-00C04F79EFBC}") = "wr2_server", "wr2_server.csproj", "{277FEFBC-855F-4F28-B530-C8F2D4AE33D3}"
EndProject
Global
	GlobalSection(SolutionConfigurationPlatforms) = preSolution
		Debug|Any CPU = Debug|Any CPU
		Release|Any CPU = Release|Any CPU
	EndGlobalSection
	GlobalSection(ProjectConfigurationPlatforms) = postSolution
		{277FEFBC-855F-4F28-B530-C8F2D4AE33D3}.Debug|Any CPU.ActiveCfg = Debug|Any CPU
		{277FEFBC-855F-4F28-B530-C8F2D4AE33D3}.Debug|Any CPU.Build.0 = Debug|Any CPU
		{277FEFBC-855F-4F28-B530-C8F2D4AE33D3}.Release|Any CPU.ActiveCfg = Release|Any CPU
		{277FEFBC-855F-4F28-B530-C8F2D4AE33D3}.Release|Any CPU.Build.0 = Release|Any CPU
	EndGlobalSection
	GlobalSection(SolutionProperties) = preSolution
		HideSolutionNode = FALSE
	EndGlobalSection
	GlobalSection(ExtensibilityGlobals) = postSolution
		SolutionGuid = {7D972063-5A25-44E1-A833-8245BD11015F}
	EndGlobalSection
EndGlobal
